
Microsoft Visual Studio Solution File, Format Version 12.00
# Visual Studio Version 16
VisualStudioVersion = 16.0.32126.315
MinimumVisualStudioVersion = 10.0.40219.1
Project("{9A19103F-16F7-4668-BE54-9A1E7A4F7556}") = "Web", "Web\Web.csproj", "{FBE38996-A018-4358-B4F9-64EE84F29556}"
EndProject
Project("{FAE04EC0-301F-11D3-BF4B-00C04F79EFBC}") = "WebLibrary", "WebLibrary\WebLibrary.csproj", "{754EBB1A-F5A8-4B26-ACDB-A07E51D93A25}"
EndProject
Global
	GlobalSection(SolutionConfigurationPlatforms) = preSolution
		Debug|Any CPU = Debug|Any CPU
		Release|Any CPU = Release|Any CPU
	EndGlobalSection
	GlobalSection(ProjectConfigurationPlatforms) = postSolution
		{FBE38996-A018-4358-B4F9-64EE84F29556}.Debug|Any CPU.ActiveCfg = Debug|Any CPU
		{FBE38996-A018-4358-B4F9-64EE84F29556}.Debug|Any CPU.Build.0 = Debug|Any CPU
		{FBE38996-A018-4358-B4F9-64EE84F29556}.Release|Any CPU.ActiveCfg = Release|Any CPU
		{FBE38996-A018-4358-B4F9-64EE84F29556}.Release|Any CPU.Build.0 = Release|Any CPU
		{754EBB1A-F5A8-4B26-ACDB-A07E51D93A25}.Debug|Any CPU.ActiveCfg = Debug|Any CPU
		{754EBB1A-F5A8-4B26-ACDB-A07E51D93A25}.Debug|Any CPU.Build.0 = Debug|Any CPU
		{754EBB1A-F5A8-4B26-ACDB-A07E51D93A25}.Release|Any CPU.ActiveCfg = Release|Any CPU
		{754EBB1A-F5A8-4B26-ACDB-A07E51D93A25}.Release|Any CPU.Build.0 = Release|Any CPU
	EndGlobalSection
	GlobalSection(SolutionProperties) = preSolution
		HideSolutionNode = FALSE
	EndGlobalSection
	GlobalSection(ExtensibilityGlobals) = postSolution
		SolutionGuid = {8B0A2D6E-7E30-4E4E-AF3C-E42681E5DC0A}
	EndGlobalSection
EndGlobal
